
Microsoft Visual Studio Solution File, Format Version 12.00
# Visual Studio Version 17
VisualStudioVersion = 17.8.34511.84
MinimumVisualStudioVersion = 10.0.40219.1
Project("{FAE04EC0-301F-11D3-BF4B-00C04F79EFBC}") = "AStar_MazeProject", "AStar_MazeProject\AStar_MazeProject.csproj", "{431D0A64-9EA7-4CB4-B183-A972275ADABE}"
EndProject
Global
	GlobalSection(SolutionConfigurationPlatforms) = preSolution
		Debug|Any CPU = Debug|Any CPU
		Release|Any CPU = Release|Any CPU
	EndGlobalSection
	GlobalSection(ProjectConfigurationPlatforms) = postSolution
		{431D0A64-9EA7-4CB4-B183-A972275ADABE}.Debug|Any CPU.ActiveCfg = Debug|Any CPU
		{431D0A64-9EA7-4CB4-B183-A972275ADABE}.Debug|Any CPU.Build.0 = Debug|Any CPU
		{431D0A64-9EA7-4CB4-B183-A972275ADABE}.Release|Any CPU.ActiveCfg = Release|Any CPU
		{431D0A64-9EA7-4CB4-B183-A972275ADABE}.Release|Any CPU.Build.0 = Release|Any CPU
	EndGlobalSection
	GlobalSection(SolutionProperties) = preSolution
		HideSolutionNode = FALSE
	EndGlobalSection
	GlobalSection(ExtensibilityGlobals) = postSolution
		SolutionGuid = {C544C241-BC37-486E-9026-8157DF970A57}
	EndGlobalSection
EndGlobal
